
Microsoft Visual Studio Solution File, Format Version 12.00
#
Project("{FAE04EC0-301F-11D3-BF4B-00C04F79EFBC}") = "Biogen", "Biogen\Biogen.csproj", "{1E4B03F6-4C60-4808-BC50-6E1BFF379E6F}"
EndProject
Project("{2150E333-8FDC-42A3-9474-1A3956D46DE8}") = "PL", "PL", "{9B132316-32EA-4C24-875D-8FA9AC9CAA97}"
EndProject
Project("{2150E333-8FDC-42A3-9474-1A3956D46DE8}") = "DAL", "DAL", "{C3F1FE55-F3EC-474F-A9F6-A7B484CA2F72}"
EndProject
Project("{2150E333-8FDC-42A3-9474-1A3956D46DE8}") = "Common", "Common", "{EF47A769-1FD7-4C3A-B8FA-A1EDBDA029F4}"
EndProject
Project("{2150E333-8FDC-42A3-9474-1A3956D46DE8}") = "BLL", "BLL", "{D42001DF-9B37-4C89-A855-459614D33CE1}"
EndProject
Project("{FAE04EC0-301F-11D3-BF4B-00C04F79EFBC}") = "Biogen.Common.Entities", "Biogen.Common.Entities\Biogen.Common.Entities.csproj", "{5B8E7FBD-B002-48C8-89E6-B26554ACAA37}"
EndProject
Project("{FAE04EC0-301F-11D3-BF4B-00C04F79EFBC}") = "Biogen.BLL.Logic", "Biogen.BLL.Logic\Biogen.BLL.Logic.csproj", "{634C5CC4-6B86-44C9-916D-B235EED86274}"
EndProject
Project("{FAE04EC0-301F-11D3-BF4B-00C04F79EFBC}") = "Biogen.BLL.LogicExtention", "Biogen.BLL.LogicExtention\Biogen.BLL.LogicExtention.csproj", "{F99CF917-1292-4B29-AC11-CC3F2D3F06DF}"
EndProject
Project("{FAE04EC0-301F-11D3-BF4B-00C04F79EFBC}") = "Biogen.Infrastructure", "Biogen.Infrastructure\Biogen.Infrastructure.csproj", "{D5795C51-B833-4013-AC86-9F3EBC64E7FA}"
EndProject
Project("{FAE04EC0-301F-11D3-BF4B-00C04F79EFBC}") = "Biogen.DAl.Repository", "Biogen.DAl.Repository\Biogen.DAl.Repository.csproj", "{7E478817-9AEE-40D8-A99C-A141C9D9EDA1}"
EndProject
Project("{FAE04EC0-301F-11D3-BF4B-00C04F79EFBC}") = "Biogen.Dal.Repository.Contracts", "Biogen.Dal.Repository.Contracts\Biogen.Dal.Repository.Contracts.csproj", "{37B79C45-9AFA-4FBD-AA6A-7EF8D2F23F3F}"
EndProject
Global
	GlobalSection(SolutionConfigurationPlatforms) = preSolution
		Debug|Any CPU = Debug|Any CPU
		Release|Any CPU = Release|Any CPU
	EndGlobalSection
	GlobalSection(ProjectConfigurationPlatforms) = postSolution
		{1E4B03F6-4C60-4808-BC50-6E1BFF379E6F}.Debug|Any CPU.ActiveCfg = Debug|Any CPU
		{1E4B03F6-4C60-4808-BC50-6E1BFF379E6F}.Debug|Any CPU.Build.0 = Debug|Any CPU
		{1E4B03F6-4C60-4808-BC50-6E1BFF379E6F}.Release|Any CPU.ActiveCfg = Release|Any CPU
		{1E4B03F6-4C60-4808-BC50-6E1BFF379E6F}.Release|Any CPU.Build.0 = Release|Any CPU
		{5B8E7FBD-B002-48C8-89E6-B26554ACAA37}.Debug|Any CPU.ActiveCfg = Debug|Any CPU
		{5B8E7FBD-B002-48C8-89E6-B26554ACAA37}.Debug|Any CPU.Build.0 = Debug|Any CPU
		{5B8E7FBD-B002-48C8-89E6-B26554ACAA37}.Release|Any CPU.ActiveCfg = Release|Any CPU
		{5B8E7FBD-B002-48C8-89E6-B26554ACAA37}.Release|Any CPU.Build.0 = Release|Any CPU
		{634C5CC4-6B86-44C9-916D-B235EED86274}.Debug|Any CPU.ActiveCfg = Debug|Any CPU
		{634C5CC4-6B86-44C9-916D-B235EED86274}.Debug|Any CPU.Build.0 = Debug|Any CPU
		{634C5CC4-6B86-44C9-916D-B235EED86274}.Release|Any CPU.ActiveCfg = Release|Any CPU
		{634C5CC4-6B86-44C9-916D-B235EED86274}.Release|Any CPU.Build.0 = Release|Any CPU
		{F99CF917-1292-4B29-AC11-CC3F2D3F06DF}.Debug|Any CPU.ActiveCfg = Debug|Any CPU
		{F99CF917-1292-4B29-AC11-CC3F2D3F06DF}.Debug|Any CPU.Build.0 = Debug|Any CPU
		{F99CF917-1292-4B29-AC11-CC3F2D3F06DF}.Release|Any CPU.ActiveCfg = Release|Any CPU
		{F99CF917-1292-4B29-AC11-CC3F2D3F06DF}.Release|Any CPU.Build.0 = Release|Any CPU
		{D5795C51-B833-4013-AC86-9F3EBC64E7FA}.Debug|Any CPU.ActiveCfg = Debug|Any CPU
		{D5795C51-B833-4013-AC86-9F3EBC64E7FA}.Debug|Any CPU.Build.0 = Debug|Any CPU
		{D5795C51-B833-4013-AC86-9F3EBC64E7FA}.Release|Any CPU.ActiveCfg = Release|Any CPU
		{D5795C51-B833-4013-AC86-9F3EBC64E7FA}.Release|Any CPU.Build.0 = Release|Any CPU
		{7E478817-9AEE-40D8-A99C-A141C9D9EDA1}.Debug|Any CPU.ActiveCfg = Debug|Any CPU
		{7E478817-9AEE-40D8-A99C-A141C9D9EDA1}.Debug|Any CPU.Build.0 = Debug|Any CPU
		{7E478817-9AEE-40D8-A99C-A141C9D9EDA1}.Release|Any CPU.ActiveCfg = Release|Any CPU
		{7E478817-9AEE-40D8-A99C-A141C9D9EDA1}.Release|Any CPU.Build.0 = Release|Any CPU
		{37B79C45-9AFA-4FBD-AA6A-7EF8D2F23F3F}.Debug|Any CPU.ActiveCfg = Debug|Any CPU
		{37B79C45-9AFA-4FBD-AA6A-7EF8D2F23F3F}.Debug|Any CPU.Build.0 = Debug|Any CPU
		{37B79C45-9AFA-4FBD-AA6A-7EF8D2F23F3F}.Release|Any CPU.ActiveCfg = Release|Any CPU
		{37B79C45-9AFA-4FBD-AA6A-7EF8D2F23F3F}.Release|Any CPU.Build.0 = Release|Any CPU
	EndGlobalSection
	GlobalSection(NestedProjects) = preSolution
		{1E4B03F6-4C60-4808-BC50-6E1BFF379E6F} = {9B132316-32EA-4C24-875D-8FA9AC9CAA97}
		{5B8E7FBD-B002-48C8-89E6-B26554ACAA37} = {EF47A769-1FD7-4C3A-B8FA-A1EDBDA029F4}
		{634C5CC4-6B86-44C9-916D-B235EED86274} = {D42001DF-9B37-4C89-A855-459614D33CE1}
		{F99CF917-1292-4B29-AC11-CC3F2D3F06DF} = {D42001DF-9B37-4C89-A855-459614D33CE1}
		{7E478817-9AEE-40D8-A99C-A141C9D9EDA1} = {C3F1FE55-F3EC-474F-A9F6-A7B484CA2F72}
		{37B79C45-9AFA-4FBD-AA6A-7EF8D2F23F3F} = {C3F1FE55-F3EC-474F-A9F6-A7B484CA2F72}
	EndGlobalSection
EndGlobal
